
Microsoft Visual Studio Solution File, Format Version 12.00
# Visual Studio Version 17
VisualStudioVersion = 17.5.33424.131
MinimumVisualStudioVersion = 10.0.40219.1
Project("{FAE04EC0-301F-11D3-BF4B-00C04F79EFBC}") = "Entity_Framework_Core_Code_first_forum_13-03-2023", "Entity_Framework_Core_Code_first_forum_13-03-2023.csproj", "{BBA4D286-654A-4626-9C5D-D31BC573C59E}"
EndProject
Global
	GlobalSection(SolutionConfigurationPlatforms) = preSolution
		Debug|Any CPU = Debug|Any CPU
		Release|Any CPU = Release|Any CPU
	EndGlobalSection
	GlobalSection(ProjectConfigurationPlatforms) = postSolution
		{BBA4D286-654A-4626-9C5D-D31BC573C59E}.Debug|Any CPU.ActiveCfg = Debug|Any CPU
		{BBA4D286-654A-4626-9C5D-D31BC573C59E}.Debug|Any CPU.Build.0 = Debug|Any CPU
		{BBA4D286-654A-4626-9C5D-D31BC573C59E}.Release|Any CPU.ActiveCfg = Release|Any CPU
		{BBA4D286-654A-4626-9C5D-D31BC573C59E}.Release|Any CPU.Build.0 = Release|Any CPU
	EndGlobalSection
	GlobalSection(SolutionProperties) = preSolution
		HideSolutionNode = FALSE
	EndGlobalSection
	GlobalSection(ExtensibilityGlobals) = postSolution
		SolutionGuid = {90B2110F-31C6-4B81-8422-E0626B766EDB}
	EndGlobalSection
EndGlobal
